github.com/google/go-cmp v0.5.5 h1:Khx7svrCpmxxtHBq5j2mp/xVjsi8hQMfNLvJFAlrGgU=
github.com/google/go-cmp v0.5.5/go.mod h1:v8dTdLbMG2kIc/vJvl+f65V22dbkXbowE6jgT/gNBxE=
github.com/xh3b4sd/budget v0.2.1 h1:wn1s+MpnJPfusLN28jH7cH2v4SeP0ldmmwU6H6FRARI=
github.com/xh3b4sd/budget v0.2.1/go.mod h1:Qq5YihqFy2k1Q3TX+QhlPQYlLtA98ZxNwkWiX72mlAU=
github.com/xh3b4sd/tracer v0.4.0 h1:SUxjzOf0ZqeF/mXi2Gtlr5bsJemTlcx9F2NKI6pFWM4=
github.com/xh3b4sd/tracer v0.4.0/go.mod h1:MxvZ4BYzuaPgQToz+R+iO0q0RZ6BnDijHRGfWvR+yxM=
golang.org/x/xerrors v0.0.0-20191204190536-9bdfabe68543/go.mod h1:I/5z698sn9Ka8TeJc9MKroUUfqBBauWjQqLJ2OPfmY0=
