github.com/google/go-cmp v0.5.2 h1:X2ev0eStA3AbceY54o37/0PQ/UWqKEiiO2dKL5OPaFM=
github.com/google/go-cmp v0.5.2/go.mod h1:v8dTdLbMG2kIc/vJvl+f65V22dbkXbowE6jgT/gNBxE=
github.com/xh3b4sd/budget v0.2.0 h1:xqnGRFwrwXW/hJnf5SCatXIVp/iHfC4ZFVYGmYZmT2Q=
github.com/xh3b4sd/budget v0.2.0/go.mod h1:u4Ci+UNDDCeDNjEOCPYQduvWg+T4G8frIYDxs/YG/ss=
github.com/xh3b4sd/tracer v0.3.1 h1:wv4Cy/u/xLXLUJeKQWeiR+aU4mywj2f8PkQVda1EXKQ=
github.com/xh3b4sd/tracer v0.3.1/go.mod h1:ZOLvBVLrmNx3GLCL7j0vEGMuI3r5ltLFcmDjG/3nV7g=
golang.org/x/xerrors v0.0.0-20191204190536-9bdfabe68543 h1:E7g+9GITq07hpfrRu66IVDexMakfv52eLZ2CXBWiKr4=
golang.org/x/xerrors v0.0.0-20191204190536-9bdfabe68543/go.mod h1:I/5z698sn9Ka8TeJc9MKroUUfqBBauWjQqLJ2OPfmY0=
